
Microsoft Visual Studio Solution File, Format Version 12.00
# Visual Studio Version 16
VisualStudioVersion = 16.0.29001.49
MinimumVisualStudioVersion = 10.0.40219.1
Project("{9A19103F-16F7-4668-BE54-9A1E7A4F7556}") = "DatingApp.API", "DatingApp.API\DatingApp.API.csproj", "{F53E2F15-74E5-4BDC-A30A-0F7FF936C240}"
EndProject
Project("{FAE04EC0-301F-11D3-BF4B-00C04F79EFBC}") = "DatingApp.SPA", "DatingApp.SPA\DatingApp.SPA.csproj", "{268A283D-270B-4623-BEF7-7A819DBBED0F}"
EndProject
Global
	GlobalSection(SolutionConfigurationPlatforms) = preSolution
		Debug|Any CPU = Debug|Any CPU
		Release|Any CPU = Release|Any CPU
	EndGlobalSection
	GlobalSection(ProjectConfigurationPlatforms) = postSolution
		{F53E2F15-74E5-4BDC-A30A-0F7FF936C240}.Debug|Any CPU.ActiveCfg = Debug|Any CPU
		{F53E2F15-74E5-4BDC-A30A-0F7FF936C240}.Debug|Any CPU.Build.0 = Debug|Any CPU
		{F53E2F15-74E5-4BDC-A30A-0F7FF936C240}.Release|Any CPU.ActiveCfg = Release|Any CPU
		{F53E2F15-74E5-4BDC-A30A-0F7FF936C240}.Release|Any CPU.Build.0 = Release|Any CPU
		{268A283D-270B-4623-BEF7-7A819DBBED0F}.Debug|Any CPU.ActiveCfg = Debug|Any CPU
		{268A283D-270B-4623-BEF7-7A819DBBED0F}.Debug|Any CPU.Build.0 = Debug|Any CPU
		{268A283D-270B-4623-BEF7-7A819DBBED0F}.Release|Any CPU.ActiveCfg = Release|Any CPU
		{268A283D-270B-4623-BEF7-7A819DBBED0F}.Release|Any CPU.Build.0 = Release|Any CPU
	EndGlobalSection
	GlobalSection(SolutionProperties) = preSolution
		HideSolutionNode = FALSE
	EndGlobalSection
	GlobalSection(ExtensibilityGlobals) = postSolution
		SolutionGuid = {D6CBB3E8-5285-4071-82C2-BDFD884B8A9D}
	EndGlobalSection
EndGlobal
